
Microsoft Visual Studio Solution File, Format Version 12.00
# Visual Studio 14
VisualStudioVersion = 14.0.25420.1
MinimumVisualStudioVersion = 10.0.40219.1
Project("{FAE04EC0-301F-11D3-BF4B-00C04F79EFBC}") = "Problems", "Problems\Problems.csproj", "{B8FEFB9C-D015-43A1-8CD5-94E66CEB10EB}"
EndProject
Project("{FAE04EC0-301F-11D3-BF4B-00C04F79EFBC}") = "Trees", "Trees\Trees.csproj", "{405EBB00-D8FA-440F-97E6-3D2FD1407773}"
EndProject
Project("{FAE04EC0-301F-11D3-BF4B-00C04F79EFBC}") = "Graphs", "Graphs\Graphs.csproj", "{0F013159-C495-44EC-9A7D-CC7898229CE7}"
EndProject
Project("{FAE04EC0-301F-11D3-BF4B-00C04F79EFBC}") = "ArraysAndStrings", "ArraysAndStrings\ArraysAndStrings.csproj", "{A50FBB8D-4F82-44E4-8DFE-2F94E565AFED}"
EndProject
Global
	GlobalSection(SolutionConfigurationPlatforms) = preSolution
		Debug|Any CPU = Debug|Any CPU
		Release|Any CPU = Release|Any CPU
	EndGlobalSection
	GlobalSection(ProjectConfigurationPlatforms) = postSolution
		{B8FEFB9C-D015-43A1-8CD5-94E66CEB10EB}.Debug|Any CPU.ActiveCfg = Debug|Any CPU
		{B8FEFB9C-D015-43A1-8CD5-94E66CEB10EB}.Debug|Any CPU.Build.0 = Debug|Any CPU
		{B8FEFB9C-D015-43A1-8CD5-94E66CEB10EB}.Release|Any CPU.ActiveCfg = Release|Any CPU
		{B8FEFB9C-D015-43A1-8CD5-94E66CEB10EB}.Release|Any CPU.Build.0 = Release|Any CPU
		{405EBB00-D8FA-440F-97E6-3D2FD1407773}.Debug|Any CPU.ActiveCfg = Debug|Any CPU
		{405EBB00-D8FA-440F-97E6-3D2FD1407773}.Debug|Any CPU.Build.0 = Debug|Any CPU
		{405EBB00-D8FA-440F-97E6-3D2FD1407773}.Release|Any CPU.ActiveCfg = Release|Any CPU
		{405EBB00-D8FA-440F-97E6-3D2FD1407773}.Release|Any CPU.Build.0 = Release|Any CPU
		{0F013159-C495-44EC-9A7D-CC7898229CE7}.Debug|Any CPU.ActiveCfg = Debug|Any CPU
		{0F013159-C495-44EC-9A7D-CC7898229CE7}.Debug|Any CPU.Build.0 = Debug|Any CPU
		{0F013159-C495-44EC-9A7D-CC7898229CE7}.Release|Any CPU.ActiveCfg = Release|Any CPU
		{0F013159-C495-44EC-9A7D-CC7898229CE7}.Release|Any CPU.Build.0 = Release|Any CPU
		{A50FBB8D-4F82-44E4-8DFE-2F94E565AFED}.Debug|Any CPU.ActiveCfg = Debug|Any CPU
		{A50FBB8D-4F82-44E4-8DFE-2F94E565AFED}.Debug|Any CPU.Build.0 = Debug|Any CPU
		{A50FBB8D-4F82-44E4-8DFE-2F94E565AFED}.Release|Any CPU.ActiveCfg = Release|Any CPU
		{A50FBB8D-4F82-44E4-8DFE-2F94E565AFED}.Release|Any CPU.Build.0 = Release|Any CPU
	EndGlobalSection
	GlobalSection(SolutionProperties) = preSolution
		HideSolutionNode = FALSE
	EndGlobalSection
EndGlobal
